// !$*UTF8*$!
{
	archiveVersion = 1;
	classes = {
	};
	objectVersion = 56;
	objects = {

/* Begin PBXBuildFile section */
		C55A32B72937D1110060A1CA /* NetworkService.swift in Sources */ = {isa = PBXBuildFile; fileRef = C55A32B62937D1110060A1CA /* NetworkService.swift */; };
		C55A32BA2937DDA20060A1CA /* Constants.swift in Sources */ = {isa = PBXBuildFile; fileRef = C55A32B92937DDA20060A1CA /* Constants.swift */; };
		C55A32BD2937DEEB0060A1CA /* String + Ext.swift in Sources */ = {isa = PBXBuildFile; fileRef = C55A32BC2937DEEB0060A1CA /* String + Ext.swift */; };
		C55A32BF2937F2550060A1CA /* DetailViewController.swift in Sources */ = {isa = PBXBuildFile; fileRef = C55A32BE2937F2550060A1CA /* DetailViewController.swift */; };
		C5A1D032291311740035D740 /* AppDelegate.swift in Sources */ = {isa = PBXBuildFile; fileRef = C5A1D031291311740035D740 /* AppDelegate.swift */; };
		C5A1D034291311740035D740 /* SceneDelegate.swift in Sources */ = {isa = PBXBuildFile; fileRef = C5A1D033291311740035D740 /* SceneDelegate.swift */; };
		C5A1D036291311740035D740 /* CharactersViewController.swift in Sources */ = {isa = PBXBuildFile; fileRef = C5A1D035291311740035D740 /* CharactersViewController.swift */; };
		C5A1D03B291311750035D740 /* Assets.xcassets in Resources */ = {isa = PBXBuildFile; fileRef = C5A1D03A291311750035D740 /* Assets.xcassets */; };
		C5A1D03E291311750035D740 /* LaunchScreen.storyboard in Resources */ = {isa = PBXBuildFile; fileRef = C5A1D03C291311750035D740 /* LaunchScreen.storyboard */; };
		C5A1D04B291315DD0035D740 /* Alamofire in Frameworks */ = {isa = PBXBuildFile; productRef = C5A1D04A291315DD0035D740 /* Alamofire */; };
		C5A1D04E291316AC0035D740 /* SnapKit in Frameworks */ = {isa = PBXBuildFile; productRef = C5A1D04D291316AC0035D740 /* SnapKit */; };
		C5A1D051291319A20035D740 /* Characters.swift in Sources */ = {isa = PBXBuildFile; fileRef = C5A1D050291319A20035D740 /* Characters.swift */; };
		C5A1D055291339780035D740 /* MainViewController.swift in Sources */ = {isa = PBXBuildFile; fileRef = C5A1D054291339780035D740 /* MainViewController.swift */; };
		C5A1D058291346340035D740 /* CharactersTableViewCell.swift in Sources */ = {isa = PBXBuildFile; fileRef = C5A1D057291346340035D740 /* CharactersTableViewCell.swift */; };
		C5A1D05B291347BB0035D740 /* AlamofireImage in Frameworks */ = {isa = PBXBuildFile; productRef = C5A1D05A291347BB0035D740 /* AlamofireImage */; };
/* End PBXBuildFile section */

/* Begin PBXFileReference section */
		C55A32B62937D1110060A1CA /* NetworkService.swift */ = {isa = PBXFileReference; lastKnownFileType = sourcecode.swift; path = NetworkService.swift; sourceTree = "<group>"; };
		C55A32B92937DDA20060A1CA /* Constants.swift */ = {isa = PBXFileReference; lastKnownFileType = sourcecode.swift; path = Constants.swift; sourceTree = "<group>"; };
		C55A32BC2937DEEB0060A1CA /* String + Ext.swift */ = {isa = PBXFileReference; lastKnownFileType = sourcecode.swift; path = "String + Ext.swift"; sourceTree = "<group>"; };
		C55A32BE2937F2550060A1CA /* DetailViewController.swift */ = {isa = PBXFileReference; lastKnownFileType = sourcecode.swift; path = DetailViewController.swift; sourceTree = "<group>"; };
		C5A1D02E291311740035D740 /* Marvel.app */ = {isa = PBXFileReference; explicitFileType = wrapper.application; includeInIndex = 0; path = Marvel.app; sourceTree = BUILT_PRODUCTS_DIR; };
		C5A1D031291311740035D740 /* AppDelegate.swift */ = {isa = PBXFileReference; lastKnownFileType = sourcecode.swift; path = AppDelegate.swift; sourceTree = "<group>"; };
		C5A1D033291311740035D740 /* SceneDelegate.swift */ = {isa = PBXFileReference; lastKnownFileType = sourcecode.swift; path = SceneDelegate.swift; sourceTree = "<group>"; };
		C5A1D035291311740035D740 /* CharactersViewController.swift */ = {isa = PBXFileReference; lastKnownFileType = sourcecode.swift; path = CharactersViewController.swift; sourceTree = "<group>"; };
		C5A1D03A291311750035D740 /* Assets.xcassets */ = {isa = PBXFileReference; lastKnownFileType = folder.assetcatalog; path = Assets.xcassets; sourceTree = "<group>"; };
		C5A1D03D291311750035D740 /* Base */ = {isa = PBXFileReference; lastKnownFileType = file.storyboard; name = Base; path = Base.lproj/LaunchScreen.storyboard; sourceTree = "<group>"; };
		C5A1D03F291311750035D740 /* Info.plist */ = {isa = PBXFileReference; lastKnownFileType = text.plist.xml; path = Info.plist; sourceTree = "<group>"; };
		C5A1D050291319A20035D740 /* Characters.swift */ = {isa = PBXFileReference; lastKnownFileType = sourcecode.swift; path = Characters.swift; sourceTree = "<group>"; };
		C5A1D054291339780035D740 /* MainViewController.swift */ = {isa = PBXFileReference; lastKnownFileType = sourcecode.swift; path = MainViewController.swift; sourceTree = "<group>"; };
		C5A1D057291346340035D740 /* CharactersTableViewCell.swift */ = {isa = PBXFileReference; lastKnownFileType = sourcecode.swift; path = CharactersTableViewCell.swift; sourceTree = "<group>"; };
/* End PBXFileReference section */

/* Begin PBXFrameworksBuildPhase section */
		C5A1D02B291311740035D740 /* Frameworks */ = {
			isa = PBXFrameworksBuildPhase;
			buildActionMask = 2147483647;
			files = (
				C5A1D04B291315DD0035D740 /* Alamofire in Frameworks */,
				C5A1D04E291316AC0035D740 /* SnapKit in Frameworks */,
				C5A1D05B291347BB0035D740 /* AlamofireImage in Frameworks */,
			);
			runOnlyForDeploymentPostprocessing = 0;
		};
/* End PBXFrameworksBuildPhase section */

/* Begin PBXGroup section */
		C55A32B52937D08B0060A1CA /* Network */ = {
			isa = PBXGroup;
			children = (
				C55A32B62937D1110060A1CA /* NetworkService.swift */,
			);
			path = Network;
			sourceTree = "<group>";
		};
		C55A32B82937DD8F0060A1CA /* Constants */ = {
			isa = PBXGroup;
			children = (
				C55A32B92937DDA20060A1CA /* Constants.swift */,
			);
			path = Constants;
			sourceTree = "<group>";
		};
		C55A32BB2937DEC70060A1CA /* Extensions */ = {
			isa = PBXGroup;
			children = (
				C55A32BC2937DEEB0060A1CA /* String + Ext.swift */,
			);
			path = Extensions;
			sourceTree = "<group>";
		};
		C5A1D025291311740035D740 = {
			isa = PBXGroup;
			children = (
				C5A1D030291311740035D740 /* Marvel */,
				C5A1D02F291311740035D740 /* Products */,
			);
			sourceTree = "<group>";
		};
		C5A1D02F291311740035D740 /* Products */ = {
			isa = PBXGroup;
			children = (
				C5A1D02E291311740035D740 /* Marvel.app */,
			);
			name = Products;
			sourceTree = "<group>";
		};
		C5A1D030291311740035D740 /* Marvel */ = {
			isa = PBXGroup;
			children = (
				C5A1D045291314A50035D740 /* Sources */,
				C5A1D046291314C50035D740 /* Resources */,
			);
			path = Marvel;
			sourceTree = "<group>";
		};
		C5A1D045291314A50035D740 /* Sources */ = {
			isa = PBXGroup;
			children = (
				C5A1D047291314F30035D740 /* App */,
				C55A32B52937D08B0060A1CA /* Network */,
				C5A1D04F2913185A0035D740 /* Model */,
				C5A1D048291315040035D740 /* ViewControllers */,
				C55A32BB2937DEC70060A1CA /* Extensions */,
				C55A32B82937DD8F0060A1CA /* Constants */,
			);
			path = Sources;
			sourceTree = "<group>";
		};
		C5A1D046291314C50035D740 /* Resources */ = {
			isa = PBXGroup;
			children = (
				C5A1D03A291311750035D740 /* Assets.xcassets */,
				C5A1D03C291311750035D740 /* LaunchScreen.storyboard */,
				C5A1D03F291311750035D740 /* Info.plist */,
			);
			path = Resources;
			sourceTree = "<group>";
		};
		C5A1D047291314F30035D740 /* App */ = {
			isa = PBXGroup;
			children = (
				C5A1D031291311740035D740 /* AppDelegate.swift */,
				C5A1D033291311740035D740 /* SceneDelegate.swift */,
			);
			path = App;
			sourceTree = "<group>";
		};
		C5A1D048291315040035D740 /* ViewControllers */ = {
			isa = PBXGroup;
			children = (
				C5A1D054291339780035D740 /* MainViewController.swift */,
				C5A1D035291311740035D740 /* CharactersViewController.swift */,
				C55A32BE2937F2550060A1CA /* DetailViewController.swift */,
				C5A1D056291345FA0035D740 /* Cells */,
			);
			path = ViewControllers;
			sourceTree = "<group>";
		};
		C5A1D04F2913185A0035D740 /* Model */ = {
			isa = PBXGroup;
			children = (
				C5A1D050291319A20035D740 /* Characters.swift */,
			);
			path = Model;
			sourceTree = "<group>";
		};
		C5A1D056291345FA0035D740 /* Cells */ = {
			isa = PBXGroup;
			children = (
				C5A1D057291346340035D740 /* CharactersTableViewCell.swift */,
			);
			path = Cells;
			sourceTree = "<group>";
		};
/* End PBXGroup section */

/* Begin PBXNativeTarget section */
		C5A1D02D291311740035D740 /* Marvel */ = {
			isa = PBXNativeTarget;
			buildConfigurationList = C5A1D042291311750035D740 /* Build configuration list for PBXNativeTarget "Marvel" */;
			buildPhases = (
				C5A1D02A291311740035D740 /* Sources */,
				C5A1D02B291311740035D740 /* Frameworks */,
				C5A1D02C291311740035D740 /* Resources */,
			);
			buildRules = (
			);
			dependencies = (
			);
			name = Marvel;
			packageProductDependencies = (
				C5A1D04A291315DD0035D740 /* Alamofire */,
				C5A1D04D291316AC0035D740 /* SnapKit */,
				C5A1D05A291347BB0035D740 /* AlamofireImage */,
			);
			productName = Marvel;
			productReference = C5A1D02E291311740035D740 /* Marvel.app */;
			productType = "com.apple.product-type.application";
		};
/* End PBXNativeTarget section */

/* Begin PBXProject section */
		C5A1D026291311740035D740 /* Project object */ = {
			isa = PBXProject;
			attributes = {
				BuildIndependentTargetsInParallel = 1;
				LastSwiftUpdateCheck = 1410;
				LastUpgradeCheck = 1410;
				TargetAttributes = {
					C5A1D02D291311740035D740 = {
						CreatedOnToolsVersion = 14.1;
					};
				};
			};
			buildConfigurationList = C5A1D029291311740035D740 /* Build configuration list for PBXProject "Marvel" */;
			compatibilityVersion = "Xcode 14.0";
			developmentRegion = en;
			hasScannedForEncodings = 0;
			knownRegions = (
				en,
				Base,
			);
			mainGroup = C5A1D025291311740035D740;
			packageReferences = (
				C5A1D049291315DD0035D740 /* XCRemoteSwiftPackageReference "Alamofire" */,
				C5A1D04C291316AC0035D740 /* XCRemoteSwiftPackageReference "SnapKit" */,
				C5A1D059291347BB0035D740 /* XCRemoteSwiftPackageReference "AlamofireImage" */,
			);
			productRefGroup = C5A1D02F291311740035D740 /* Products */;
			projectDirPath = "";
			projectRoot = "";
			targets = (
				C5A1D02D291311740035D740 /* Marvel */,
			);
		};
/* End PBXProject section */

/* Begin PBXResourcesBuildPhase section */
		C5A1D02C291311740035D740 /* Resources */ = {
			isa = PBXResourcesBuildPhase;
			buildActionMask = 2147483647;
			files = (
				C5A1D03E291311750035D740 /* LaunchScreen.storyboard in Resources */,
				C5A1D03B291311750035D740 /* Assets.xcassets in Resources */,
			);
			runOnlyForDeploymentPostprocessing = 0;
		};
/* End PBXResourcesBuildPhase section */

/* Begin PBXSourcesBuildPhase section */
		C5A1D02A291311740035D740 /* Sources */ = {
			isa = PBXSourcesBuildPhase;
			buildActionMask = 2147483647;
			files = (
				C55A32BD2937DEEB0060A1CA /* String + Ext.swift in Sources */,
				C5A1D036291311740035D740 /* CharactersViewController.swift in Sources */,
				C5A1D032291311740035D740 /* AppDelegate.swift in Sources */,
				C5A1D034291311740035D740 /* SceneDelegate.swift in Sources */,
				C5A1D058291346340035D740 /* CharactersTableViewCell.swift in Sources */,
				C5A1D051291319A20035D740 /* Characters.swift in Sources */,
				C5A1D055291339780035D740 /* MainViewController.swift in Sources */,
				C55A32BF2937F2550060A1CA /* DetailViewController.swift in Sources */,
				C55A32B72937D1110060A1CA /* NetworkService.swift in Sources */,
				C55A32BA2937DDA20060A1CA /* Constants.swift in Sources */,
			);
			runOnlyForDeploymentPostprocessing = 0;
		};
/* End PBXSourcesBuildPhase section */

/* Begin PBXVariantGroup section */
		C5A1D03C291311750035D740 /* LaunchScreen.storyboard */ = {
			isa = PBXVariantGroup;
			children = (
				C5A1D03D291311750035D740 /* Base */,
			);
			name = LaunchScreen.storyboard;
			sourceTree = "<group>";
		};
/* End PBXVariantGroup section */

/* Begin XCBuildConfiguration section */
		C5A1D040291311750035D740 /* Debug */ = {
			isa = XCBuildConfiguration;
			buildSettings = {
				ALWAYS_SEARCH_USER_PATHS = NO;
				CLANG_ANALYZER_NONNULL = YES;
				CLANG_ANALYZER_NUMBER_OBJECT_CONVERSION = YES_AGGRESSIVE;
				CLANG_CXX_LANGUAGE_STANDARD = "gnu++20";
				CLANG_ENABLE_MODULES = YES;
				CLANG_ENABLE_OBJC_ARC = YES;
				CLANG_ENABLE_OBJC_WEAK = YES;
				CLANG_WARN_BLOCK_CAPTURE_AUTORELEASING = YES;
				CLANG_WARN_BOOL_CONVERSION = YES;
				CLANG_WARN_COMMA = YES;
				CLANG_WARN_CONSTANT_CONVERSION = YES;
				CLANG_WARN_DEPRECATED_OBJC_IMPLEMENTATIONS = YES;
				CLANG_WARN_DIRECT_OBJC_ISA_USAGE = YES_ERROR;
				CLANG_WARN_DOCUMENTATION_COMMENTS = YES;
				CLANG_WARN_EMPTY_BODY = YES;
				CLANG_WARN_ENUM_CONVERSION = YES;
				CLANG_WARN_INFINITE_RECURSION = YES;
				CLANG_WARN_INT_CONVERSION = YES;
				CLANG_WARN_NON_LITERAL_NULL_CONVERSION = YES;
				CLANG_WARN_OBJC_IMPLICIT_RETAIN_SELF = YES;
				CLANG_WARN_OBJC_LITERAL_CONVERSION = YES;
				CLANG_WARN_OBJC_ROOT_CLASS = YES_ERROR;
				CLANG_WARN_QUOTED_INCLUDE_IN_FRAMEWORK_HEADER = YES;
				CLANG_WARN_RANGE_LOOP_ANALYSIS = YES;
				CLANG_WARN_STRICT_PROTOTYPES = YES;
				CLANG_WARN_SUSPICIOUS_MOVE = YES;
				CLANG_WARN_UNGUARDED_AVAILABILITY = YES_AGGRESSIVE;
				CLANG_WARN_UNREACHABLE_CODE = YES;
				CLANG_WARN__DUPLICATE_METHOD_MATCH = YES;
				COPY_PHASE_STRIP = NO;
				DEBUG_INFORMATION_FORMAT = dwarf;
				ENABLE_STRICT_OBJC_MSGSEND = YES;
				ENABLE_TESTABILITY = YES;
				GCC_C_LANGUAGE_STANDARD = gnu11;
				GCC_DYNAMIC_NO_PIC = NO;
				GCC_NO_COMMON_BLOCKS = YES;
				GCC_OPTIMIZATION_LEVEL = 0;
				GCC_PREPROCESSOR_DEFINITIONS = (
					"DEBUG=1",
					"$(inherited)",
				);
				GCC_WARN_64_TO_32_BIT_CONVERSION = YES;
				GCC_WARN_ABOUT_RETURN_TYPE = YES_ERROR;
				GCC_WARN_UNDECLARED_SELECTOR = YES;
				GCC_WARN_UNINITIALIZED_AUTOS = YES_AGGRESSIVE;
				GCC_WARN_UNUSED_FUNCTION = YES;
				GCC_WARN_UNUSED_VARIABLE = YES;
				IPHONEOS_DEPLOYMENT_TARGET = 16.1;
				MTL_ENABLE_DEBUG_INFO = INCLUDE_SOURCE;
				MTL_FAST_MATH = YES;
				ONLY_ACTIVE_ARCH = YES;
				SDKROOT = iphoneos;
				SWIFT_ACTIVE_COMPILATION_CONDITIONS = DEBUG;
				SWIFT_OPTIMIZATION_LEVEL = "-Onone";
			};
			name = Debug;
		};
		C5A1D041291311750035D740 /* Release */ = {
			isa = XCBuildConfiguration;
			buildSettings = {
				ALWAYS_SEARCH_USER_PATHS = NO;
				CLANG_ANALYZER_NONNULL = YES;
				CLANG_ANALYZER_NUMBER_OBJECT_CONVERSION = YES_AGGRESSIVE;
				CLANG_CXX_LANGUAGE_STANDARD = "gnu++20";
				CLANG_ENABLE_MODULES = YES;
				CLANG_ENABLE_OBJC_ARC = YES;
				CLANG_ENABLE_OBJC_WEAK = YES;
				CLANG_WARN_BLOCK_CAPTURE_AUTORELEASING = YES;
				CLANG_WARN_BOOL_CONVERSION = YES;
				CLANG_WARN_COMMA = YES;
				CLANG_WARN_CONSTANT_CONVERSION = YES;
				CLANG_WARN_DEPRECATED_OBJC_IMPLEMENTATIONS = YES;
				CLANG_WARN_DIRECT_OBJC_ISA_USAGE = YES_ERROR;
				CLANG_WARN_DOCUMENTATION_COMMENTS = YES;
				CLANG_WARN_EMPTY_BODY = YES;
				CLANG_WARN_ENUM_CONVERSION = YES;
				CLANG_WARN_INFINITE_RECURSION = YES;
				CLANG_WARN_INT_CONVERSION = YES;
				CLANG_WARN_NON_LITERAL_NULL_CONVERSION = YES;
				CLANG_WARN_OBJC_IMPLICIT_RETAIN_SELF = YES;
				CLANG_WARN_OBJC_LITERAL_CONVERSION = YES;
				CLANG_WARN_OBJC_ROOT_CLASS = YES_ERROR;
				CLANG_WARN_QUOTED_INCLUDE_IN_FRAMEWORK_HEADER = YES;
				CLANG_WARN_RANGE_LOOP_ANALYSIS = YES;
				CLANG_WARN_STRICT_PROTOTYPES = YES;
				CLANG_WARN_SUSPICIOUS_MOVE = YES;
				CLANG_WARN_UNGUARDED_AVAILABILITY = YES_AGGRESSIVE;
				CLANG_WARN_UNREACHABLE_CODE = YES;
				CLANG_WARN__DUPLICATE_METHOD_MATCH = YES;
				COPY_PHASE_STRIP = NO;
				DEBUG_INFORMATION_FORMAT = "dwarf-with-dsym";
				ENABLE_NS_ASSERTIONS = NO;
				ENABLE_STRICT_OBJC_MSGSEND = YES;
				GCC_C_LANGUAGE_STANDARD = gnu11;
				GCC_NO_COMMON_BLOCKS = YES;
				GCC_WARN_64_TO_32_BIT_CONVERSION = YES;
				GCC_WARN_ABOUT_RETURN_TYPE = YES_ERROR;
				GCC_WARN_UNDECLARED_SELECTOR = YES;
				GCC_WARN_UNINITIALIZED_AUTOS = YES_AGGRESSIVE;
				GCC_WARN_UNUSED_FUNCTION = YES;
				GCC_WARN_UNUSED_VARIABLE = YES;
				IPHONEOS_DEPLOYMENT_TARGET = 16.1;
				MTL_ENABLE_DEBUG_INFO = NO;
				MTL_FAST_MATH = YES;
				SDKROOT = iphoneos;
				SWIFT_COMPILATION_MODE = wholemodule;
				SWIFT_OPTIMIZATION_LEVEL = "-O";
				VALIDATE_PRODUCT = YES;
			};
			name = Release;
		};
		C5A1D043291311750035D740 /* Debug */ = {
			isa = XCBuildConfiguration;
			buildSettings = {
				ASSETCATALOG_COMPILER_APPICON_NAME = AppIcon;
				ASSETCATALOG_COMPILER_GLOBAL_ACCENT_COLOR_NAME = AccentColor;
				CODE_SIGN_STYLE = Automatic;
				CURRENT_PROJECT_VERSION = 1;
				DEVELOPMENT_TEAM = N2XAP4CLZT;
				GENERATE_INFOPLIST_FILE = YES;
				INFOPLIST_FILE = Marvel/Resources/Info.plist;
				INFOPLIST_KEY_UIApplicationSupportsIndirectInputEvents = YES;
				INFOPLIST_KEY_UILaunchStoryboardName = LaunchScreen;
				INFOPLIST_KEY_UISupportedInterfaceOrientations_iPad = "UIInterfaceOrientationPortrait UIInterfaceOrientationPortraitUpsideDown UIInterfaceOrientationLandscapeLeft UIInterfaceOrientationLandscapeRight";
				INFOPLIST_KEY_UISupportedInterfaceOrientations_iPhone = "UIInterfaceOrientationPortrait UIInterfaceOrientationLandscapeLeft UIInterfaceOrientationLandscapeRight";
				LD_RUNPATH_SEARCH_PATHS = (
					"$(inherited)",
					"@executable_path/Frameworks",
				);
				MARKETING_VERSION = 1.0;
				PRODUCT_BUNDLE_IDENTIFIER = my.doker.Marvel;
				PRODUCT_NAME = "$(TARGET_NAME)";
				SWIFT_EMIT_LOC_STRINGS = YES;
				SWIFT_VERSION = 5.0;
				TARGETED_DEVICE_FAMILY = "1,2";
			};
			name = Debug;
		};
		C5A1D044291311750035D740 /* Release */ = {
			isa = XCBuildConfiguration;
			buildSettings = {
				ASSETCATALOG_COMPILER_APPICON_NAME = AppIcon;
				ASSETCATALOG_COMPILER_GLOBAL_ACCENT_COLOR_NAME = AccentColor;
				CODE_SIGN_STYLE = Automatic;
				CURRENT_PROJECT_VERSION = 1;
				DEVELOPMENT_TEAM = N2XAP4CLZT;
				GENERATE_INFOPLIST_FILE = YES;
				INFOPLIST_FILE = Marvel/Resources/Info.plist;
				INFOPLIST_KEY_UIApplicationSupportsIndirectInputEvents = YES;
				INFOPLIST_KEY_UILaunchStoryboardName = LaunchScreen;
				INFOPLIST_KEY_UISupportedInterfaceOrientations_iPad = "UIInterfaceOrientationPortrait UIInterfaceOrientationPortraitUpsideDown UIInterfaceOrientationLandscapeLeft UIInterfaceOrientationLandscapeRight";
				INFOPLIST_KEY_UISupportedInterfaceOrientations_iPhone = "UIInterfaceOrientationPortrait UIInterfaceOrientationLandscapeLeft UIInterfaceOrientationLandscapeRight";
				LD_RUNPATH_SEARCH_PATHS = (
					"$(inherited)",
					"@executable_path/Frameworks",
				);
				MARKETING_VERSION = 1.0;
				PRODUCT_BUNDLE_IDENTIFIER = my.doker.Marvel;
				PRODUCT_NAME = "$(TARGET_NAME)";
				SWIFT_EMIT_LOC_STRINGS = YES;
				SWIFT_VERSION = 5.0;
				TARGETED_DEVICE_FAMILY = "1,2";
			};
			name = Release;
		};
/* End XCBuildConfiguration section */

/* Begin XCConfigurationList section */
		C5A1D029291311740035D740 /* Build configuration list for PBXProject "Marvel" */ = {
			isa = XCConfigurationList;
			buildConfigurations = (
				C5A1D040291311750035D740 /* Debug */,
				C5A1D041291311750035D740 /* Release */,
			);
			defaultConfigurationIsVisible = 0;
			defaultConfigurationName = Release;
		};
		C5A1D042291311750035D740 /* Build configuration list for PBXNativeTarget "Marvel" */ = {
			isa = XCConfigurationList;
			buildConfigurations = (
				C5A1D043291311750035D740 /* Debug */,
				C5A1D044291311750035D740 /* Release */,
			);
			defaultConfigurationIsVisible = 0;
			defaultConfigurationName = Release;
		};
/* End XCConfigurationList section */

/* Begin XCRemoteSwiftPackageReference section */
		C5A1D049291315DD0035D740 /* XCRemoteSwiftPackageReference "Alamofire" */ = {
			isa = XCRemoteSwiftPackageReference;
			repositoryURL = "https://github.com/Alamofire/Alamofire.git";
			requirement = {
				branch = master;
				kind = branch;
			};
		};
		C5A1D04C291316AC0035D740 /* XCRemoteSwiftPackageReference "SnapKit" */ = {
			isa = XCRemoteSwiftPackageReference;
			repositoryURL = "https://github.com/SnapKit/SnapKit.git";
			requirement = {
				kind = upToNextMajorVersion;
				minimumVersion = 5.0.0;
			};
		};
		C5A1D059291347BB0035D740 /* XCRemoteSwiftPackageReference "AlamofireImage" */ = {
			isa = XCRemoteSwiftPackageReference;
			repositoryURL = "https://github.com/Alamofire/AlamofireImage.git";
			requirement = {
				kind = upToNextMajorVersion;
				minimumVersion = 4.0.0;
			};
		};
/* End XCRemoteSwiftPackageReference section */

/* Begin XCSwiftPackageProductDependency section */
		C5A1D04A291315DD0035D740 /* Alamofire */ = {
			isa = XCSwiftPackageProductDependency;
			package = C5A1D049291315DD0035D740 /* XCRemoteSwiftPackageReference "Alamofire" */;
			productName = Alamofire;
		};
		C5A1D04D291316AC0035D740 /* SnapKit */ = {
			isa = XCSwiftPackageProductDependency;
			package = C5A1D04C291316AC0035D740 /* XCRemoteSwiftPackageReference "SnapKit" */;
			productName = SnapKit;
		};
		C5A1D05A291347BB0035D740 /* AlamofireImage */ = {
			isa = XCSwiftPackageProductDependency;
			package = C5A1D059291347BB0035D740 /* XCRemoteSwiftPackageReference "AlamofireImage" */;
			productName = AlamofireImage;
		};
/* End XCSwiftPackageProductDependency section */
	};
	rootObject = C5A1D026291311740035D740 /* Project object */;
}
